
Microsoft Visual Studio Solution File, Format Version 12.00
# Visual Studio Version 16
VisualStudioVersion = 16.0.30717.126
MinimumVisualStudioVersion = 10.0.40219.1
Project("{FAE04EC0-301F-11D3-BF4B-00C04F79EFBC}") = "ExchangeRateCalculator", "ExchangeRateCalculator.csproj", "{C8ADB64E-4BFB-4D4F-B2BA-F375E1C8E369}"
EndProject
Global
	GlobalSection(SolutionConfigurationPlatforms) = preSolution
		Debug|Any CPU = Debug|Any CPU
		Release|Any CPU = Release|Any CPU
	EndGlobalSection
	GlobalSection(ProjectConfigurationPlatforms) = postSolution
		{C8ADB64E-4BFB-4D4F-B2BA-F375E1C8E369}.Debug|Any CPU.ActiveCfg = Debug|Any CPU
		{C8ADB64E-4BFB-4D4F-B2BA-F375E1C8E369}.Debug|Any CPU.Build.0 = Debug|Any CPU
		{C8ADB64E-4BFB-4D4F-B2BA-F375E1C8E369}.Release|Any CPU.ActiveCfg = Release|Any CPU
		{C8ADB64E-4BFB-4D4F-B2BA-F375E1C8E369}.Release|Any CPU.Build.0 = Release|Any CPU
	EndGlobalSection
	GlobalSection(SolutionProperties) = preSolution
		HideSolutionNode = FALSE
	EndGlobalSection
	GlobalSection(ExtensibilityGlobals) = postSolution
		SolutionGuid = {57F2E365-2F87-4401-B744-5C440914129E}
	EndGlobalSection
EndGlobal
